
Microsoft Visual Studio Solution File, Format Version 12.00
# Visual Studio 15
VisualStudioVersion = 15.0.28307.1972
MinimumVisualStudioVersion = 10.0.40219.1
Project("{FAE04EC0-301F-11D3-BF4B-00C04F79EFBC}") = "HomeWork3", "HomeWork3\HomeWork3.csproj", "{5CC96B4C-5CBE-4E29-9875-ECAA199D4089}"
EndProject
Global
	GlobalSection(SolutionConfigurationPlatforms) = preSolution
		Debug|Any CPU = Debug|Any CPU
		Release|Any CPU = Release|Any CPU
	EndGlobalSection
	GlobalSection(ProjectConfigurationPlatforms) = postSolution
		{5CC96B4C-5CBE-4E29-9875-ECAA199D4089}.Debug|Any CPU.ActiveCfg = Debug|Any CPU
		{5CC96B4C-5CBE-4E29-9875-ECAA199D4089}.Debug|Any CPU.Build.0 = Debug|Any CPU
		{5CC96B4C-5CBE-4E29-9875-ECAA199D4089}.Release|Any CPU.ActiveCfg = Release|Any CPU
		{5CC96B4C-5CBE-4E29-9875-ECAA199D4089}.Release|Any CPU.Build.0 = Release|Any CPU
	EndGlobalSection
	GlobalSection(SolutionProperties) = preSolution
		HideSolutionNode = FALSE
	EndGlobalSection
	GlobalSection(ExtensibilityGlobals) = postSolution
		SolutionGuid = {EEC9B559-8D23-496E-90FD-BE977057D94B}
	EndGlobalSection
EndGlobal
